// !$*UTF8*$!
{
	archiveVersion = 1;
	classes = {
	};
	objectVersion = 56;
	objects = {

/* Begin PBXBuildFile section */
		B30622CD2BE805C8009441CB /* GoogleService-Info.plist in Resources */ = {isa = PBXBuildFile; fileRef = B30622CC2BE805C8009441CB /* GoogleService-Info.plist */; };
		B30622D02BE80621009441CB /* FirebaseAnalytics in Frameworks */ = {isa = PBXBuildFile; productRef = B30622CF2BE80621009441CB /* FirebaseAnalytics */; };
		B30622D22BE80621009441CB /* FirebaseAnalyticsSwift in Frameworks */ = {isa = PBXBuildFile; productRef = B30622D12BE80621009441CB /* FirebaseAnalyticsSwift */; };
		B30622D42BE80621009441CB /* FirebaseAuth in Frameworks */ = {isa = PBXBuildFile; productRef = B30622D32BE80621009441CB /* FirebaseAuth */; };
		B30622D62BE80621009441CB /* FirebaseCrashlytics in Frameworks */ = {isa = PBXBuildFile; productRef = B30622D52BE80621009441CB /* FirebaseCrashlytics */; };
		B30622D82BE80621009441CB /* FirebaseFirestore in Frameworks */ = {isa = PBXBuildFile; productRef = B30622D72BE80621009441CB /* FirebaseFirestore */; };
		B30622DA2BE80621009441CB /* FirebaseFirestoreSwift in Frameworks */ = {isa = PBXBuildFile; productRef = B30622D92BE80621009441CB /* FirebaseFirestoreSwift */; };
		B30622DE2BE80705009441CB /* LoginView.swift in Sources */ = {isa = PBXBuildFile; fileRef = B30622DD2BE80705009441CB /* LoginView.swift */; };
		B30622E12BE8073D009441CB /* Localizable.xcstrings in Resources */ = {isa = PBXBuildFile; fileRef = B30622E02BE8073D009441CB /* Localizable.xcstrings */; };
		B30622E42BE80863009441CB /* SnapKit in Frameworks */ = {isa = PBXBuildFile; productRef = B30622E32BE80863009441CB /* SnapKit */; };
		B30622E92BE80A71009441CB /* LocalizedString.swift in Sources */ = {isa = PBXBuildFile; fileRef = B30622E82BE80A71009441CB /* LocalizedString.swift */; };
		B30622EB2BE81100009441CB /* RegisterView.swift in Sources */ = {isa = PBXBuildFile; fileRef = B30622EA2BE81100009441CB /* RegisterView.swift */; };
		B30622ED2BE8141D009441CB /* AuthenticationViewModel.swift in Sources */ = {isa = PBXBuildFile; fileRef = B30622EC2BE8141D009441CB /* AuthenticationViewModel.swift */; };
		B30622F02BE81475009441CB /* AuthenticationType.swift in Sources */ = {isa = PBXBuildFile; fileRef = B30622EF2BE81475009441CB /* AuthenticationType.swift */; };
		B30622F32BE826FE009441CB /* FirestoreService.swift in Sources */ = {isa = PBXBuildFile; fileRef = B30622F22BE826FE009441CB /* FirestoreService.swift */; };
		B30622F62BE82B91009441CB /* FirestoreServiceProtocol.swift in Sources */ = {isa = PBXBuildFile; fileRef = B30622F52BE82B91009441CB /* FirestoreServiceProtocol.swift */; };
		B30622F82BE82BB6009441CB /* FirestoreKeys.swift in Sources */ = {isa = PBXBuildFile; fileRef = B30622F72BE82BB6009441CB /* FirestoreKeys.swift */; };
		B30622FB2BE82C77009441CB /* AuthenticationServiceProtocol.swift in Sources */ = {isa = PBXBuildFile; fileRef = B30622FA2BE82C77009441CB /* AuthenticationServiceProtocol.swift */; };
		B30622FD2BE82C8C009441CB /* AuthenticationService.swift in Sources */ = {isa = PBXBuildFile; fileRef = B30622FC2BE82C8C009441CB /* AuthenticationService.swift */; };
		B30622FF2BE83C14009441CB /* UITextField+Publisher.swift in Sources */ = {isa = PBXBuildFile; fileRef = B30622FE2BE83C14009441CB /* UITextField+Publisher.swift */; };
		B30623032BE8835F009441CB /* HomeViewController.swift in Sources */ = {isa = PBXBuildFile; fileRef = B30623022BE8835F009441CB /* HomeViewController.swift */; };
		B30623072BE8842F009441CB /* GroupView.swift in Sources */ = {isa = PBXBuildFile; fileRef = B30623062BE8842F009441CB /* GroupView.swift */; };
		B30623092BE88437009441CB /* GroupViewController.swift in Sources */ = {isa = PBXBuildFile; fileRef = B30623082BE88437009441CB /* GroupViewController.swift */; };
		B306230E2BEAC80C009441CB /* User.swift in Sources */ = {isa = PBXBuildFile; fileRef = B306230D2BEAC80C009441CB /* User.swift */; };
		B30623112BEAC949009441CB /* GroupViewModel.swift in Sources */ = {isa = PBXBuildFile; fileRef = B30623102BEAC949009441CB /* GroupViewModel.swift */; };
		B30623132BEACCC2009441CB /* UserCollectionViewCell.swift in Sources */ = {isa = PBXBuildFile; fileRef = B30623122BEACCC2009441CB /* UserCollectionViewCell.swift */; };
		B30623152BEAFA1B009441CB /* UIColor+Primary.swift in Sources */ = {isa = PBXBuildFile; fileRef = B30623142BEAFA1B009441CB /* UIColor+Primary.swift */; };
		B30623182BEB06BE009441CB /* UserView.swift in Sources */ = {isa = PBXBuildFile; fileRef = B30623172BEB06BE009441CB /* UserView.swift */; };
		B306231A2BEB06D9009441CB /* UserViewController.swift in Sources */ = {isa = PBXBuildFile; fileRef = B30623192BEB06D9009441CB /* UserViewController.swift */; };
		B306231D2BEB0715009441CB /* UserViewModel.swift in Sources */ = {isa = PBXBuildFile; fileRef = B306231C2BEB0715009441CB /* UserViewModel.swift */; };
		B31D301B2BEC1C3C00CE903A /* HomeViewModel.swift in Sources */ = {isa = PBXBuildFile; fileRef = B31D301A2BEC1C3C00CE903A /* HomeViewModel.swift */; };
		B31D301F2BED136E00CE903A /* StatsCollectionViewCell.swift in Sources */ = {isa = PBXBuildFile; fileRef = B31D301E2BED136D00CE903A /* StatsCollectionViewCell.swift */; };
		B31D30222BED148300CE903A /* Task.swift in Sources */ = {isa = PBXBuildFile; fileRef = B31D30212BED148300CE903A /* Task.swift */; };
		B31D30242BED14A400CE903A /* TaskStat.swift in Sources */ = {isa = PBXBuildFile; fileRef = B31D30232BED14A400CE903A /* TaskStat.swift */; };
		B31D31B82BEEB78D00CE903A /* PetListViewController.swift in Sources */ = {isa = PBXBuildFile; fileRef = B31D31B72BEEB78D00CE903A /* PetListViewController.swift */; };
		B31D31BA2BEEB80F00CE903A /* PetListView.swift in Sources */ = {isa = PBXBuildFile; fileRef = B31D31B92BEEB80F00CE903A /* PetListView.swift */; };
		B31D31BD2BEEBB5600CE903A /* PetListViewModel.swift in Sources */ = {isa = PBXBuildFile; fileRef = B31D31BC2BEEBB5600CE903A /* PetListViewModel.swift */; };
		B31D31BF2BEEBBE600CE903A /* Pet.swift in Sources */ = {isa = PBXBuildFile; fileRef = B31D31BE2BEEBBE600CE903A /* Pet.swift */; };
		B31D31C12BEEC7CA00CE903A /* PetCollectionViewCell.swift in Sources */ = {isa = PBXBuildFile; fileRef = B31D31C02BEEC7CA00CE903A /* PetCollectionViewCell.swift */; };
		B31D31C52BF303F600CE903A /* PetView.swift in Sources */ = {isa = PBXBuildFile; fileRef = B31D31C42BF303F600CE903A /* PetView.swift */; };
		B31D31C72BF3043400CE903A /* PetViewModel.swift in Sources */ = {isa = PBXBuildFile; fileRef = B31D31C62BF3043400CE903A /* PetViewModel.swift */; };
		B31D31C92BF30B1700CE903A /* PetViewController.swift in Sources */ = {isa = PBXBuildFile; fileRef = B31D31C82BF30B1700CE903A /* PetViewController.swift */; };
		B31D31CB2BF3887F00CE903A /* PetTask.swift in Sources */ = {isa = PBXBuildFile; fileRef = B31D31CA2BF3887F00CE903A /* PetTask.swift */; };
		B3A7E8482BE74DF9009B6630 /* AppDelegate.swift in Sources */ = {isa = PBXBuildFile; fileRef = B3A7E8472BE74DF9009B6630 /* AppDelegate.swift */; };
		B3A7E84A2BE74DF9009B6630 /* SceneDelegate.swift in Sources */ = {isa = PBXBuildFile; fileRef = B3A7E8492BE74DF9009B6630 /* SceneDelegate.swift */; };
		B3A7E84C2BE74DF9009B6630 /* AuthenticationViewController.swift in Sources */ = {isa = PBXBuildFile; fileRef = B3A7E84B2BE74DF9009B6630 /* AuthenticationViewController.swift */; };
		B3A7E8512BE74DFB009B6630 /* Assets.xcassets in Resources */ = {isa = PBXBuildFile; fileRef = B3A7E8502BE74DFB009B6630 /* Assets.xcassets */; };
		B3A7E8542BE74DFB009B6630 /* Base in Resources */ = {isa = PBXBuildFile; fileRef = B3A7E8532BE74DFB009B6630 /* Base */; };
/* End PBXBuildFile section */

/* Begin PBXCopyFilesBuildPhase section */
		B31D30192BEC181300CE903A /* Embed Frameworks */ = {
			isa = PBXCopyFilesBuildPhase;
			buildActionMask = 2147483647;
			dstPath = "";
			dstSubfolderSpec = 10;
			files = (
			);
			name = "Embed Frameworks";
			runOnlyForDeploymentPostprocessing = 0;
		};
/* End PBXCopyFilesBuildPhase section */

/* Begin PBXFileReference section */
		B30622CC2BE805C8009441CB /* GoogleService-Info.plist */ = {isa = PBXFileReference; fileEncoding = 4; lastKnownFileType = text.plist.xml; path = "GoogleService-Info.plist"; sourceTree = "<group>"; };
		B30622DD2BE80705009441CB /* LoginView.swift */ = {isa = PBXFileReference; lastKnownFileType = sourcecode.swift; path = LoginView.swift; sourceTree = "<group>"; };
		B30622E02BE8073D009441CB /* Localizable.xcstrings */ = {isa = PBXFileReference; lastKnownFileType = text.json.xcstrings; path = Localizable.xcstrings; sourceTree = "<group>"; };
		B30622E82BE80A71009441CB /* LocalizedString.swift */ = {isa = PBXFileReference; lastKnownFileType = sourcecode.swift; path = LocalizedString.swift; sourceTree = "<group>"; };
		B30622EA2BE81100009441CB /* RegisterView.swift */ = {isa = PBXFileReference; lastKnownFileType = sourcecode.swift; path = RegisterView.swift; sourceTree = "<group>"; };
		B30622EC2BE8141D009441CB /* AuthenticationViewModel.swift */ = {isa = PBXFileReference; lastKnownFileType = sourcecode.swift; path = AuthenticationViewModel.swift; sourceTree = "<group>"; };
		B30622EF2BE81475009441CB /* AuthenticationType.swift */ = {isa = PBXFileReference; lastKnownFileType = sourcecode.swift; path = AuthenticationType.swift; sourceTree = "<group>"; };
		B30622F22BE826FE009441CB /* FirestoreService.swift */ = {isa = PBXFileReference; lastKnownFileType = sourcecode.swift; path = FirestoreService.swift; sourceTree = "<group>"; };
		B30622F52BE82B91009441CB /* FirestoreServiceProtocol.swift */ = {isa = PBXFileReference; lastKnownFileType = sourcecode.swift; path = FirestoreServiceProtocol.swift; sourceTree = "<group>"; };
		B30622F72BE82BB6009441CB /* FirestoreKeys.swift */ = {isa = PBXFileReference; lastKnownFileType = sourcecode.swift; path = FirestoreKeys.swift; sourceTree = "<group>"; };
		B30622FA2BE82C77009441CB /* AuthenticationServiceProtocol.swift */ = {isa = PBXFileReference; lastKnownFileType = sourcecode.swift; path = AuthenticationServiceProtocol.swift; sourceTree = "<group>"; };
		B30622FC2BE82C8C009441CB /* AuthenticationService.swift */ = {isa = PBXFileReference; lastKnownFileType = sourcecode.swift; path = AuthenticationService.swift; sourceTree = "<group>"; };
		B30622FE2BE83C14009441CB /* UITextField+Publisher.swift */ = {isa = PBXFileReference; lastKnownFileType = sourcecode.swift; path = "UITextField+Publisher.swift"; sourceTree = "<group>"; };
		B30623022BE8835F009441CB /* HomeViewController.swift */ = {isa = PBXFileReference; lastKnownFileType = sourcecode.swift; path = HomeViewController.swift; sourceTree = "<group>"; };
		B30623062BE8842F009441CB /* GroupView.swift */ = {isa = PBXFileReference; lastKnownFileType = sourcecode.swift; path = GroupView.swift; sourceTree = "<group>"; };
		B30623082BE88437009441CB /* GroupViewController.swift */ = {isa = PBXFileReference; lastKnownFileType = sourcecode.swift; path = GroupViewController.swift; sourceTree = "<group>"; };
		B306230D2BEAC80C009441CB /* User.swift */ = {isa = PBXFileReference; lastKnownFileType = sourcecode.swift; path = User.swift; sourceTree = "<group>"; };
		B30623102BEAC949009441CB /* GroupViewModel.swift */ = {isa = PBXFileReference; lastKnownFileType = sourcecode.swift; path = GroupViewModel.swift; sourceTree = "<group>"; };
		B30623122BEACCC2009441CB /* UserCollectionViewCell.swift */ = {isa = PBXFileReference; lastKnownFileType = sourcecode.swift; path = UserCollectionViewCell.swift; sourceTree = "<group>"; };
		B30623142BEAFA1B009441CB /* UIColor+Primary.swift */ = {isa = PBXFileReference; lastKnownFileType = sourcecode.swift; path = "UIColor+Primary.swift"; sourceTree = "<group>"; };
		B30623172BEB06BE009441CB /* UserView.swift */ = {isa = PBXFileReference; lastKnownFileType = sourcecode.swift; path = UserView.swift; sourceTree = "<group>"; };
		B30623192BEB06D9009441CB /* UserViewController.swift */ = {isa = PBXFileReference; lastKnownFileType = sourcecode.swift; path = UserViewController.swift; sourceTree = "<group>"; };
		B306231C2BEB0715009441CB /* UserViewModel.swift */ = {isa = PBXFileReference; lastKnownFileType = sourcecode.swift; path = UserViewModel.swift; sourceTree = "<group>"; };
		B31D301A2BEC1C3C00CE903A /* HomeViewModel.swift */ = {isa = PBXFileReference; lastKnownFileType = sourcecode.swift; path = HomeViewModel.swift; sourceTree = "<group>"; };
		B31D301E2BED136D00CE903A /* StatsCollectionViewCell.swift */ = {isa = PBXFileReference; lastKnownFileType = sourcecode.swift; path = StatsCollectionViewCell.swift; sourceTree = "<group>"; };
		B31D30212BED148300CE903A /* Task.swift */ = {isa = PBXFileReference; lastKnownFileType = sourcecode.swift; path = Task.swift; sourceTree = "<group>"; };
		B31D30232BED14A400CE903A /* TaskStat.swift */ = {isa = PBXFileReference; lastKnownFileType = sourcecode.swift; path = TaskStat.swift; sourceTree = "<group>"; };
		B31D31B72BEEB78D00CE903A /* PetListViewController.swift */ = {isa = PBXFileReference; lastKnownFileType = sourcecode.swift; path = PetListViewController.swift; sourceTree = "<group>"; };
		B31D31B92BEEB80F00CE903A /* PetListView.swift */ = {isa = PBXFileReference; lastKnownFileType = sourcecode.swift; path = PetListView.swift; sourceTree = "<group>"; };
		B31D31BC2BEEBB5600CE903A /* PetListViewModel.swift */ = {isa = PBXFileReference; lastKnownFileType = sourcecode.swift; path = PetListViewModel.swift; sourceTree = "<group>"; };
		B31D31BE2BEEBBE600CE903A /* Pet.swift */ = {isa = PBXFileReference; lastKnownFileType = sourcecode.swift; path = Pet.swift; sourceTree = "<group>"; };
		B31D31C02BEEC7CA00CE903A /* PetCollectionViewCell.swift */ = {isa = PBXFileReference; lastKnownFileType = sourcecode.swift; path = PetCollectionViewCell.swift; sourceTree = "<group>"; };
		B31D31C42BF303F600CE903A /* PetView.swift */ = {isa = PBXFileReference; lastKnownFileType = sourcecode.swift; path = PetView.swift; sourceTree = "<group>"; };
		B31D31C62BF3043400CE903A /* PetViewModel.swift */ = {isa = PBXFileReference; lastKnownFileType = sourcecode.swift; path = PetViewModel.swift; sourceTree = "<group>"; };
		B31D31C82BF30B1700CE903A /* PetViewController.swift */ = {isa = PBXFileReference; lastKnownFileType = sourcecode.swift; path = PetViewController.swift; sourceTree = "<group>"; };
		B31D31CA2BF3887F00CE903A /* PetTask.swift */ = {isa = PBXFileReference; lastKnownFileType = sourcecode.swift; path = PetTask.swift; sourceTree = "<group>"; };
		B3A7E8442BE74DF9009B6630 /* woofi.app */ = {isa = PBXFileReference; explicitFileType = wrapper.application; includeInIndex = 0; path = woofi.app; sourceTree = BUILT_PRODUCTS_DIR; };
		B3A7E8472BE74DF9009B6630 /* AppDelegate.swift */ = {isa = PBXFileReference; lastKnownFileType = sourcecode.swift; path = AppDelegate.swift; sourceTree = "<group>"; };
		B3A7E8492BE74DF9009B6630 /* SceneDelegate.swift */ = {isa = PBXFileReference; lastKnownFileType = sourcecode.swift; path = SceneDelegate.swift; sourceTree = "<group>"; };
		B3A7E84B2BE74DF9009B6630 /* AuthenticationViewController.swift */ = {isa = PBXFileReference; lastKnownFileType = sourcecode.swift; path = AuthenticationViewController.swift; sourceTree = "<group>"; };
		B3A7E8502BE74DFB009B6630 /* Assets.xcassets */ = {isa = PBXFileReference; lastKnownFileType = folder.assetcatalog; path = Assets.xcassets; sourceTree = "<group>"; };
		B3A7E8532BE74DFB009B6630 /* Base */ = {isa = PBXFileReference; lastKnownFileType = file.storyboard; name = Base; path = Base.lproj/LaunchScreen.storyboard; sourceTree = "<group>"; };
		B3A7E8552BE74DFB009B6630 /* Info.plist */ = {isa = PBXFileReference; lastKnownFileType = text.plist.xml; path = Info.plist; sourceTree = "<group>"; };
/* End PBXFileReference section */

/* Begin PBXFrameworksBuildPhase section */
		B3A7E8412BE74DF9009B6630 /* Frameworks */ = {
			isa = PBXFrameworksBuildPhase;
			buildActionMask = 2147483647;
			files = (
				B30622D22BE80621009441CB /* FirebaseAnalyticsSwift in Frameworks */,
				B30622D62BE80621009441CB /* FirebaseCrashlytics in Frameworks */,
				B30622D42BE80621009441CB /* FirebaseAuth in Frameworks */,
				B30622E42BE80863009441CB /* SnapKit in Frameworks */,
				B30622D82BE80621009441CB /* FirebaseFirestore in Frameworks */,
				B30622D02BE80621009441CB /* FirebaseAnalytics in Frameworks */,
				B30622DA2BE80621009441CB /* FirebaseFirestoreSwift in Frameworks */,
			);
			runOnlyForDeploymentPostprocessing = 0;
		};
/* End PBXFrameworksBuildPhase section */

/* Begin PBXGroup section */
		B30622DB2BE80629009441CB /* Common */ = {
			isa = PBXGroup;
			children = (
				B30622E72BE80A5A009441CB /* Localization */,
				B3A7E8472BE74DF9009B6630 /* AppDelegate.swift */,
				B3A7E8492BE74DF9009B6630 /* SceneDelegate.swift */,
			);
			path = Common;
			sourceTree = "<group>";
		};
		B30622DC2BE8063B009441CB /* LaunchScreen */ = {
			isa = PBXGroup;
			children = (
				B3A7E8522BE74DFB009B6630 /* LaunchScreen.storyboard */,
			);
			path = LaunchScreen;
			sourceTree = "<group>";
		};
		B30622DF2BE80706009441CB /* Authentication */ = {
			isa = PBXGroup;
			children = (
				B3A7E84B2BE74DF9009B6630 /* AuthenticationViewController.swift */,
				B30622DD2BE80705009441CB /* LoginView.swift */,
				B30622EA2BE81100009441CB /* RegisterView.swift */,
			);
			path = Authentication;
			sourceTree = "<group>";
		};
		B30622E72BE80A5A009441CB /* Localization */ = {
			isa = PBXGroup;
			children = (
				B30622E02BE8073D009441CB /* Localizable.xcstrings */,
				B30622E82BE80A71009441CB /* LocalizedString.swift */,
			);
			path = Localization;
			sourceTree = "<group>";
		};
		B30622EE2BE8144E009441CB /* Authentication */ = {
			isa = PBXGroup;
			children = (
				B30622EC2BE8141D009441CB /* AuthenticationViewModel.swift */,
				B30622EF2BE81475009441CB /* AuthenticationType.swift */,
			);
			path = Authentication;
			sourceTree = "<group>";
		};
		B30622F12BE826ED009441CB /* Service */ = {
			isa = PBXGroup;
			children = (
				B30622F92BE82C6E009441CB /* Authentication */,
				B30622F42BE827BE009441CB /* Firestore */,
			);
			path = Service;
			sourceTree = "<group>";
		};
		B30622F42BE827BE009441CB /* Firestore */ = {
			isa = PBXGroup;
			children = (
				B30622F22BE826FE009441CB /* FirestoreService.swift */,
				B30622F52BE82B91009441CB /* FirestoreServiceProtocol.swift */,
				B30622F72BE82BB6009441CB /* FirestoreKeys.swift */,
			);
			path = Firestore;
			sourceTree = "<group>";
		};
		B30622F92BE82C6E009441CB /* Authentication */ = {
			isa = PBXGroup;
			children = (
				B30622FA2BE82C77009441CB /* AuthenticationServiceProtocol.swift */,
				B30622FC2BE82C8C009441CB /* AuthenticationService.swift */,
			);
			path = Authentication;
			sourceTree = "<group>";
		};
		B30623002BE83C16009441CB /* +ext */ = {
			isa = PBXGroup;
			children = (
				B30622FE2BE83C14009441CB /* UITextField+Publisher.swift */,
				B30623142BEAFA1B009441CB /* UIColor+Primary.swift */,
			);
			path = "+ext";
			sourceTree = "<group>";
		};
		B30623012BE88357009441CB /* Home */ = {
			isa = PBXGroup;
			children = (
				B31D31B62BEEB78400CE903A /* Pets */,
				B30623052BE88425009441CB /* Group */,
				B30623022BE8835F009441CB /* HomeViewController.swift */,
			);
			path = Home;
			sourceTree = "<group>";
		};
		B30623052BE88425009441CB /* Group */ = {
			isa = PBXGroup;
			children = (
				B30623062BE8842F009441CB /* GroupView.swift */,
				B30623082BE88437009441CB /* GroupViewController.swift */,
				B30623122BEACCC2009441CB /* UserCollectionViewCell.swift */,
			);
			path = Group;
			sourceTree = "<group>";
		};
		B306230F2BEAC941009441CB /* Group */ = {
			isa = PBXGroup;
			children = (
				B30623102BEAC949009441CB /* GroupViewModel.swift */,
			);
			path = Group;
			sourceTree = "<group>";
		};
		B30623162BEB06B5009441CB /* User */ = {
			isa = PBXGroup;
			children = (
				B30623172BEB06BE009441CB /* UserView.swift */,
				B30623192BEB06D9009441CB /* UserViewController.swift */,
				B31D301E2BED136D00CE903A /* StatsCollectionViewCell.swift */,
			);
			path = User;
			sourceTree = "<group>";
		};
		B306231B2BEB0710009441CB /* User */ = {
			isa = PBXGroup;
			children = (
				B306231C2BEB0715009441CB /* UserViewModel.swift */,
			);
			path = User;
			sourceTree = "<group>";
		};
		B31D30202BED147800CE903A /* Tasks */ = {
			isa = PBXGroup;
			children = (
				B31D30212BED148300CE903A /* Task.swift */,
				B31D30232BED14A400CE903A /* TaskStat.swift */,
				B31D31CA2BF3887F00CE903A /* PetTask.swift */,
			);
			path = Tasks;
			sourceTree = "<group>";
		};
		B31D31B62BEEB78400CE903A /* Pets */ = {
			isa = PBXGroup;
			children = (
				B31D31C32BF303EA00CE903A /* PetSingle */,
				B31D31C22BF303E100CE903A /* PetList */,
			);
			path = Pets;
			sourceTree = "<group>";
		};
		B31D31BB2BEEBB4D00CE903A /* Pets */ = {
			isa = PBXGroup;
			children = (
				B31D31BC2BEEBB5600CE903A /* PetListViewModel.swift */,
				B31D31C62BF3043400CE903A /* PetViewModel.swift */,
			);
			path = Pets;
			sourceTree = "<group>";
		};
		B31D31C22BF303E100CE903A /* PetList */ = {
			isa = PBXGroup;
			children = (
				B31D31B72BEEB78D00CE903A /* PetListViewController.swift */,
				B31D31B92BEEB80F00CE903A /* PetListView.swift */,
				B31D31C02BEEC7CA00CE903A /* PetCollectionViewCell.swift */,
			);
			path = PetList;
			sourceTree = "<group>";
		};
		B31D31C32BF303EA00CE903A /* PetSingle */ = {
			isa = PBXGroup;
			children = (
				B31D31C42BF303F600CE903A /* PetView.swift */,
				B31D31C82BF30B1700CE903A /* PetViewController.swift */,
			);
			path = PetSingle;
			sourceTree = "<group>";
		};
		B3A7E83B2BE74DF9009B6630 = {
			isa = PBXGroup;
			children = (
				B3A7E8462BE74DF9009B6630 /* woofi */,
				B3A7E8452BE74DF9009B6630 /* Products */,
			);
			sourceTree = "<group>";
		};
		B3A7E8452BE74DF9009B6630 /* Products */ = {
			isa = PBXGroup;
			children = (
				B3A7E8442BE74DF9009B6630 /* woofi.app */,
			);
			name = Products;
			sourceTree = "<group>";
		};
		B3A7E8462BE74DF9009B6630 /* woofi */ = {
			isa = PBXGroup;
			children = (
				B30622DB2BE80629009441CB /* Common */,
				B30622CC2BE805C8009441CB /* GoogleService-Info.plist */,
				B3A7E8652BE7FB0D009B6630 /* Model */,
				B3A7E8672BE7FB16009B6630 /* View */,
				B3A7E8692BE7FB1B009B6630 /* ViewModel */,
				B30622F12BE826ED009441CB /* Service */,
				B3A7E8502BE74DFB009B6630 /* Assets.xcassets */,
				B3A7E8552BE74DFB009B6630 /* Info.plist */,
			);
			path = woofi;
			sourceTree = "<group>";
		};
		B3A7E8652BE7FB0D009B6630 /* Model */ = {
			isa = PBXGroup;
			children = (
				B31D30202BED147800CE903A /* Tasks */,
				B306230D2BEAC80C009441CB /* User.swift */,
				B31D31BE2BEEBBE600CE903A /* Pet.swift */,
			);
			path = Model;
			sourceTree = "<group>";
		};
		B3A7E8672BE7FB16009B6630 /* View */ = {
			isa = PBXGroup;
			children = (
				B30623162BEB06B5009441CB /* User */,
				B30623012BE88357009441CB /* Home */,
				B30623002BE83C16009441CB /* +ext */,
				B30622DF2BE80706009441CB /* Authentication */,
				B30622DC2BE8063B009441CB /* LaunchScreen */,
			);
			path = View;
			sourceTree = "<group>";
		};
		B3A7E8692BE7FB1B009B6630 /* ViewModel */ = {
			isa = PBXGroup;
			children = (
				B31D31BB2BEEBB4D00CE903A /* Pets */,
				B306231B2BEB0710009441CB /* User */,
				B306230F2BEAC941009441CB /* Group */,
				B30622EE2BE8144E009441CB /* Authentication */,
				B31D301A2BEC1C3C00CE903A /* HomeViewModel.swift */,
			);
			path = ViewModel;
			sourceTree = "<group>";
		};
/* End PBXGroup section */

/* Begin PBXNativeTarget section */
		B3A7E8432BE74DF9009B6630 /* woofi */ = {
			isa = PBXNativeTarget;
			buildConfigurationList = B3A7E8582BE74DFB009B6630 /* Build configuration list for PBXNativeTarget "woofi" */;
			buildPhases = (
				B3A7E8402BE74DF9009B6630 /* Sources */,
				B3A7E8412BE74DF9009B6630 /* Frameworks */,
				B3A7E8422BE74DF9009B6630 /* Resources */,
				B31D30192BEC181300CE903A /* Embed Frameworks */,
			);
			buildRules = (
			);
			dependencies = (
			);
			name = woofi;
			packageProductDependencies = (
				B30622CF2BE80621009441CB /* FirebaseAnalytics */,
				B30622D12BE80621009441CB /* FirebaseAnalyticsSwift */,
				B30622D32BE80621009441CB /* FirebaseAuth */,
				B30622D52BE80621009441CB /* FirebaseCrashlytics */,
				B30622D72BE80621009441CB /* FirebaseFirestore */,
				B30622D92BE80621009441CB /* FirebaseFirestoreSwift */,
				B30622E32BE80863009441CB /* SnapKit */,
			);
			productName = woofi;
			productReference = B3A7E8442BE74DF9009B6630 /* woofi.app */;
			productType = "com.apple.product-type.application";
		};
/* End PBXNativeTarget section */

/* Begin PBXProject section */
		B3A7E83C2BE74DF9009B6630 /* Project object */ = {
			isa = PBXProject;
			attributes = {
				BuildIndependentTargetsInParallel = 1;
				LastSwiftUpdateCheck = 1530;
				LastUpgradeCheck = 1530;
				TargetAttributes = {
					B3A7E8432BE74DF9009B6630 = {
						CreatedOnToolsVersion = 15.3;
					};
				};
			};
			buildConfigurationList = B3A7E83F2BE74DF9009B6630 /* Build configuration list for PBXProject "woofi" */;
			compatibilityVersion = "Xcode 14.0";
			developmentRegion = en;
			hasScannedForEncodings = 0;
			knownRegions = (
				en,
				Base,
			);
			mainGroup = B3A7E83B2BE74DF9009B6630;
			packageReferences = (
				B30622CE2BE80621009441CB /* XCRemoteSwiftPackageReference "firebase-ios-sdk" */,
				B30622E22BE80863009441CB /* XCRemoteSwiftPackageReference "SnapKit" */,
			);
			productRefGroup = B3A7E8452BE74DF9009B6630 /* Products */;
			projectDirPath = "";
			projectRoot = "";
			targets = (
				B3A7E8432BE74DF9009B6630 /* woofi */,
			);
		};
/* End PBXProject section */

/* Begin PBXResourcesBuildPhase section */
		B3A7E8422BE74DF9009B6630 /* Resources */ = {
			isa = PBXResourcesBuildPhase;
			buildActionMask = 2147483647;
			files = (
				B3A7E8512BE74DFB009B6630 /* Assets.xcassets in Resources */,
				B3A7E8542BE74DFB009B6630 /* Base in Resources */,
				B30622E12BE8073D009441CB /* Localizable.xcstrings in Resources */,
				B30622CD2BE805C8009441CB /* GoogleService-Info.plist in Resources */,
			);
			runOnlyForDeploymentPostprocessing = 0;
		};
/* End PBXResourcesBuildPhase section */

/* Begin PBXSourcesBuildPhase section */
		B3A7E8402BE74DF9009B6630 /* Sources */ = {
			isa = PBXSourcesBuildPhase;
			buildActionMask = 2147483647;
			files = (
				B30622E92BE80A71009441CB /* LocalizedString.swift in Sources */,
				B306231D2BEB0715009441CB /* UserViewModel.swift in Sources */,
				B3A7E84C2BE74DF9009B6630 /* AuthenticationViewController.swift in Sources */,
				B31D301B2BEC1C3C00CE903A /* HomeViewModel.swift in Sources */,
				B30623072BE8842F009441CB /* GroupView.swift in Sources */,
				B31D31BD2BEEBB5600CE903A /* PetListViewModel.swift in Sources */,
				B30622ED2BE8141D009441CB /* AuthenticationViewModel.swift in Sources */,
				B30623132BEACCC2009441CB /* UserCollectionViewCell.swift in Sources */,
				B30623032BE8835F009441CB /* HomeViewController.swift in Sources */,
				B31D301F2BED136E00CE903A /* StatsCollectionViewCell.swift in Sources */,
				B31D31C92BF30B1700CE903A /* PetViewController.swift in Sources */,
				B3A7E8482BE74DF9009B6630 /* AppDelegate.swift in Sources */,
				B31D31BA2BEEB80F00CE903A /* PetListView.swift in Sources */,
				B30623092BE88437009441CB /* GroupViewController.swift in Sources */,
				B31D31BF2BEEBBE600CE903A /* Pet.swift in Sources */,
				B30622FF2BE83C14009441CB /* UITextField+Publisher.swift in Sources */,
				B30622EB2BE81100009441CB /* RegisterView.swift in Sources */,
				B30622F62BE82B91009441CB /* FirestoreServiceProtocol.swift in Sources */,
				B30623182BEB06BE009441CB /* UserView.swift in Sources */,
				B30623112BEAC949009441CB /* GroupViewModel.swift in Sources */,
				B30622F82BE82BB6009441CB /* FirestoreKeys.swift in Sources */,
				B31D30222BED148300CE903A /* Task.swift in Sources */,
				B30622F02BE81475009441CB /* AuthenticationType.swift in Sources */,
				B30622DE2BE80705009441CB /* LoginView.swift in Sources */,
				B31D31C12BEEC7CA00CE903A /* PetCollectionViewCell.swift in Sources */,
				B31D30242BED14A400CE903A /* TaskStat.swift in Sources */,
				B31D31CB2BF3887F00CE903A /* PetTask.swift in Sources */,
				B31D31B82BEEB78D00CE903A /* PetListViewController.swift in Sources */,
				B30622FB2BE82C77009441CB /* AuthenticationServiceProtocol.swift in Sources */,
				B306230E2BEAC80C009441CB /* User.swift in Sources */,
				B30622F32BE826FE009441CB /* FirestoreService.swift in Sources */,
				B30622FD2BE82C8C009441CB /* AuthenticationService.swift in Sources */,
				B31D31C52BF303F600CE903A /* PetView.swift in Sources */,
				B31D31C72BF3043400CE903A /* PetViewModel.swift in Sources */,
				B306231A2BEB06D9009441CB /* UserViewController.swift in Sources */,
				B3A7E84A2BE74DF9009B6630 /* SceneDelegate.swift in Sources */,
				B30623152BEAFA1B009441CB /* UIColor+Primary.swift in Sources */,
			);
			runOnlyForDeploymentPostprocessing = 0;
		};
/* End PBXSourcesBuildPhase section */

/* Begin PBXVariantGroup section */
		B3A7E8522BE74DFB009B6630 /* LaunchScreen.storyboard */ = {
			isa = PBXVariantGroup;
			children = (
				B3A7E8532BE74DFB009B6630 /* Base */,
			);
			name = LaunchScreen.storyboard;
			sourceTree = "<group>";
		};
/* End PBXVariantGroup section */

/* Begin XCBuildConfiguration section */
		B3A7E8562BE74DFB009B6630 /* Debug */ = {
			isa = XCBuildConfiguration;
			buildSettings = {
				ALWAYS_SEARCH_USER_PATHS = NO;
				ASSETCATALOG_COMPILER_GENERATE_SWIFT_ASSET_SYMBOL_EXTENSIONS = YES;
				CLANG_ANALYZER_NONNULL = YES;
				CLANG_ANALYZER_NUMBER_OBJECT_CONVERSION = YES_AGGRESSIVE;
				CLANG_CXX_LANGUAGE_STANDARD = "gnu++20";
				CLANG_ENABLE_MODULES = YES;
				CLANG_ENABLE_OBJC_ARC = YES;
				CLANG_ENABLE_OBJC_WEAK = YES;
				CLANG_WARN_BLOCK_CAPTURE_AUTORELEASING = YES;
				CLANG_WARN_BOOL_CONVERSION = YES;
				CLANG_WARN_COMMA = YES;
				CLANG_WARN_CONSTANT_CONVERSION = YES;
				CLANG_WARN_DEPRECATED_OBJC_IMPLEMENTATIONS = YES;
				CLANG_WARN_DIRECT_OBJC_ISA_USAGE = YES_ERROR;
				CLANG_WARN_DOCUMENTATION_COMMENTS = YES;
				CLANG_WARN_EMPTY_BODY = YES;
				CLANG_WARN_ENUM_CONVERSION = YES;
				CLANG_WARN_INFINITE_RECURSION = YES;
				CLANG_WARN_INT_CONVERSION = YES;
				CLANG_WARN_NON_LITERAL_NULL_CONVERSION = YES;
				CLANG_WARN_OBJC_IMPLICIT_RETAIN_SELF = YES;
				CLANG_WARN_OBJC_LITERAL_CONVERSION = YES;
				CLANG_WARN_OBJC_ROOT_CLASS = YES_ERROR;
				CLANG_WARN_QUOTED_INCLUDE_IN_FRAMEWORK_HEADER = YES;
				CLANG_WARN_RANGE_LOOP_ANALYSIS = YES;
				CLANG_WARN_STRICT_PROTOTYPES = YES;
				CLANG_WARN_SUSPICIOUS_MOVE = YES;
				CLANG_WARN_UNGUARDED_AVAILABILITY = YES_AGGRESSIVE;
				CLANG_WARN_UNREACHABLE_CODE = YES;
				CLANG_WARN__DUPLICATE_METHOD_MATCH = YES;
				COPY_PHASE_STRIP = NO;
				DEBUG_INFORMATION_FORMAT = dwarf;
				ENABLE_STRICT_OBJC_MSGSEND = YES;
				ENABLE_TESTABILITY = YES;
				ENABLE_USER_SCRIPT_SANDBOXING = YES;
				GCC_C_LANGUAGE_STANDARD = gnu17;
				GCC_DYNAMIC_NO_PIC = NO;
				GCC_NO_COMMON_BLOCKS = YES;
				GCC_OPTIMIZATION_LEVEL = 0;
				GCC_PREPROCESSOR_DEFINITIONS = (
					"DEBUG=1",
					"$(inherited)",
				);
				GCC_WARN_64_TO_32_BIT_CONVERSION = YES;
				GCC_WARN_ABOUT_RETURN_TYPE = YES_ERROR;
				GCC_WARN_UNDECLARED_SELECTOR = YES;
				GCC_WARN_UNINITIALIZED_AUTOS = YES_AGGRESSIVE;
				GCC_WARN_UNUSED_FUNCTION = YES;
				GCC_WARN_UNUSED_VARIABLE = YES;
				IPHONEOS_DEPLOYMENT_TARGET = 17.4;
				LOCALIZATION_PREFERS_STRING_CATALOGS = YES;
				MTL_ENABLE_DEBUG_INFO = INCLUDE_SOURCE;
				MTL_FAST_MATH = YES;
				ONLY_ACTIVE_ARCH = YES;
				SDKROOT = iphoneos;
				SWIFT_ACTIVE_COMPILATION_CONDITIONS = "DEBUG $(inherited)";
				SWIFT_OPTIMIZATION_LEVEL = "-Onone";
			};
			name = Debug;
		};
		B3A7E8572BE74DFB009B6630 /* Release */ = {
			isa = XCBuildConfiguration;
			buildSettings = {
				ALWAYS_SEARCH_USER_PATHS = NO;
				ASSETCATALOG_COMPILER_GENERATE_SWIFT_ASSET_SYMBOL_EXTENSIONS = YES;
				CLANG_ANALYZER_NONNULL = YES;
				CLANG_ANALYZER_NUMBER_OBJECT_CONVERSION = YES_AGGRESSIVE;
				CLANG_CXX_LANGUAGE_STANDARD = "gnu++20";
				CLANG_ENABLE_MODULES = YES;
				CLANG_ENABLE_OBJC_ARC = YES;
				CLANG_ENABLE_OBJC_WEAK = YES;
				CLANG_WARN_BLOCK_CAPTURE_AUTORELEASING = YES;
				CLANG_WARN_BOOL_CONVERSION = YES;
				CLANG_WARN_COMMA = YES;
				CLANG_WARN_CONSTANT_CONVERSION = YES;
				CLANG_WARN_DEPRECATED_OBJC_IMPLEMENTATIONS = YES;
				CLANG_WARN_DIRECT_OBJC_ISA_USAGE = YES_ERROR;
				CLANG_WARN_DOCUMENTATION_COMMENTS = YES;
				CLANG_WARN_EMPTY_BODY = YES;
				CLANG_WARN_ENUM_CONVERSION = YES;
				CLANG_WARN_INFINITE_RECURSION = YES;
				CLANG_WARN_INT_CONVERSION = YES;
				CLANG_WARN_NON_LITERAL_NULL_CONVERSION = YES;
				CLANG_WARN_OBJC_IMPLICIT_RETAIN_SELF = YES;
				CLANG_WARN_OBJC_LITERAL_CONVERSION = YES;
				CLANG_WARN_OBJC_ROOT_CLASS = YES_ERROR;
				CLANG_WARN_QUOTED_INCLUDE_IN_FRAMEWORK_HEADER = YES;
				CLANG_WARN_RANGE_LOOP_ANALYSIS = YES;
				CLANG_WARN_STRICT_PROTOTYPES = YES;
				CLANG_WARN_SUSPICIOUS_MOVE = YES;
				CLANG_WARN_UNGUARDED_AVAILABILITY = YES_AGGRESSIVE;
				CLANG_WARN_UNREACHABLE_CODE = YES;
				CLANG_WARN__DUPLICATE_METHOD_MATCH = YES;
				COPY_PHASE_STRIP = NO;
				DEBUG_INFORMATION_FORMAT = "dwarf-with-dsym";
				ENABLE_NS_ASSERTIONS = NO;
				ENABLE_STRICT_OBJC_MSGSEND = YES;
				ENABLE_USER_SCRIPT_SANDBOXING = YES;
				GCC_C_LANGUAGE_STANDARD = gnu17;
				GCC_NO_COMMON_BLOCKS = YES;
				GCC_WARN_64_TO_32_BIT_CONVERSION = YES;
				GCC_WARN_ABOUT_RETURN_TYPE = YES_ERROR;
				GCC_WARN_UNDECLARED_SELECTOR = YES;
				GCC_WARN_UNINITIALIZED_AUTOS = YES_AGGRESSIVE;
				GCC_WARN_UNUSED_FUNCTION = YES;
				GCC_WARN_UNUSED_VARIABLE = YES;
				IPHONEOS_DEPLOYMENT_TARGET = 17.4;
				LOCALIZATION_PREFERS_STRING_CATALOGS = YES;
				MTL_ENABLE_DEBUG_INFO = NO;
				MTL_FAST_MATH = YES;
				SDKROOT = iphoneos;
				SWIFT_COMPILATION_MODE = wholemodule;
				VALIDATE_PRODUCT = YES;
			};
			name = Release;
		};
		B3A7E8592BE74DFB009B6630 /* Debug */ = {
			isa = XCBuildConfiguration;
			buildSettings = {
				ASSETCATALOG_COMPILER_APPICON_NAME = AppIcon;
				ASSETCATALOG_COMPILER_GLOBAL_ACCENT_COLOR_NAME = AccentColor;
				CODE_SIGN_STYLE = Automatic;
				CURRENT_PROJECT_VERSION = 1;
				DEVELOPMENT_TEAM = 7U55BCTM6U;
				GENERATE_INFOPLIST_FILE = YES;
				INFOPLIST_FILE = woofi/Info.plist;
				INFOPLIST_KEY_UIApplicationSupportsIndirectInputEvents = YES;
				INFOPLIST_KEY_UILaunchStoryboardName = LaunchScreen;
				INFOPLIST_KEY_UISupportedInterfaceOrientations = UIInterfaceOrientationPortrait;
				INFOPLIST_KEY_UISupportedInterfaceOrientations_iPad = "UIInterfaceOrientationPortrait UIInterfaceOrientationPortraitUpsideDown";
				IPHONEOS_DEPLOYMENT_TARGET = 15.0;
				LD_RUNPATH_SEARCH_PATHS = (
					"$(inherited)",
					"@executable_path/Frameworks",
				);
				MARKETING_VERSION = 1.0;
				PRODUCT_BUNDLE_IDENTIFIER = dev.mnhz.woofi;
				PRODUCT_NAME = "$(TARGET_NAME)";
				SWIFT_EMIT_LOC_STRINGS = YES;
				SWIFT_VERSION = 5.0;
				TARGETED_DEVICE_FAMILY = "1,2";
			};
			name = Debug;
		};
		B3A7E85A2BE74DFB009B6630 /* Release */ = {
			isa = XCBuildConfiguration;
			buildSettings = {
				ASSETCATALOG_COMPILER_APPICON_NAME = AppIcon;
				ASSETCATALOG_COMPILER_GLOBAL_ACCENT_COLOR_NAME = AccentColor;
				CODE_SIGN_STYLE = Automatic;
				CURRENT_PROJECT_VERSION = 1;
				DEVELOPMENT_TEAM = 7U55BCTM6U;
				GENERATE_INFOPLIST_FILE = YES;
				INFOPLIST_FILE = woofi/Info.plist;
				INFOPLIST_KEY_UIApplicationSupportsIndirectInputEvents = YES;
				INFOPLIST_KEY_UILaunchStoryboardName = LaunchScreen;
				INFOPLIST_KEY_UISupportedInterfaceOrientations = UIInterfaceOrientationPortrait;
				INFOPLIST_KEY_UISupportedInterfaceOrientations_iPad = "UIInterfaceOrientationPortrait UIInterfaceOrientationPortraitUpsideDown";
				IPHONEOS_DEPLOYMENT_TARGET = 15.0;
				LD_RUNPATH_SEARCH_PATHS = (
					"$(inherited)",
					"@executable_path/Frameworks",
				);
				MARKETING_VERSION = 1.0;
				PRODUCT_BUNDLE_IDENTIFIER = dev.mnhz.woofi;
				PRODUCT_NAME = "$(TARGET_NAME)";
				SWIFT_EMIT_LOC_STRINGS = YES;
				SWIFT_VERSION = 5.0;
				TARGETED_DEVICE_FAMILY = "1,2";
			};
			name = Release;
		};
/* End XCBuildConfiguration section */

/* Begin XCConfigurationList section */
		B3A7E83F2BE74DF9009B6630 /* Build configuration list for PBXProject "woofi" */ = {
			isa = XCConfigurationList;
			buildConfigurations = (
				B3A7E8562BE74DFB009B6630 /* Debug */,
				B3A7E8572BE74DFB009B6630 /* Release */,
			);
			defaultConfigurationIsVisible = 0;
			defaultConfigurationName = Release;
		};
		B3A7E8582BE74DFB009B6630 /* Build configuration list for PBXNativeTarget "woofi" */ = {
			isa = XCConfigurationList;
			buildConfigurations = (
				B3A7E8592BE74DFB009B6630 /* Debug */,
				B3A7E85A2BE74DFB009B6630 /* Release */,
			);
			defaultConfigurationIsVisible = 0;
			defaultConfigurationName = Release;
		};
/* End XCConfigurationList section */

/* Begin XCRemoteSwiftPackageReference section */
		B30622CE2BE80621009441CB /* XCRemoteSwiftPackageReference "firebase-ios-sdk" */ = {
			isa = XCRemoteSwiftPackageReference;
			repositoryURL = "https://github.com/firebase/firebase-ios-sdk";
			requirement = {
				kind = upToNextMajorVersion;
				minimumVersion = 10.25.0;
			};
		};
		B30622E22BE80863009441CB /* XCRemoteSwiftPackageReference "SnapKit" */ = {
			isa = XCRemoteSwiftPackageReference;
			repositoryURL = "https://github.com/SnapKit/SnapKit";
			requirement = {
				kind = upToNextMajorVersion;
				minimumVersion = 5.7.1;
			};
		};
/* End XCRemoteSwiftPackageReference section */

/* Begin XCSwiftPackageProductDependency section */
		B30622CF2BE80621009441CB /* FirebaseAnalytics */ = {
			isa = XCSwiftPackageProductDependency;
			package = B30622CE2BE80621009441CB /* XCRemoteSwiftPackageReference "firebase-ios-sdk" */;
			productName = FirebaseAnalytics;
		};
		B30622D12BE80621009441CB /* FirebaseAnalyticsSwift */ = {
			isa = XCSwiftPackageProductDependency;
			package = B30622CE2BE80621009441CB /* XCRemoteSwiftPackageReference "firebase-ios-sdk" */;
			productName = FirebaseAnalyticsSwift;
		};
		B30622D32BE80621009441CB /* FirebaseAuth */ = {
			isa = XCSwiftPackageProductDependency;
			package = B30622CE2BE80621009441CB /* XCRemoteSwiftPackageReference "firebase-ios-sdk" */;
			productName = FirebaseAuth;
		};
		B30622D52BE80621009441CB /* FirebaseCrashlytics */ = {
			isa = XCSwiftPackageProductDependency;
			package = B30622CE2BE80621009441CB /* XCRemoteSwiftPackageReference "firebase-ios-sdk" */;
			productName = FirebaseCrashlytics;
		};
		B30622D72BE80621009441CB /* FirebaseFirestore */ = {
			isa = XCSwiftPackageProductDependency;
			package = B30622CE2BE80621009441CB /* XCRemoteSwiftPackageReference "firebase-ios-sdk" */;
			productName = FirebaseFirestore;
		};
		B30622D92BE80621009441CB /* FirebaseFirestoreSwift */ = {
			isa = XCSwiftPackageProductDependency;
			package = B30622CE2BE80621009441CB /* XCRemoteSwiftPackageReference "firebase-ios-sdk" */;
			productName = FirebaseFirestoreSwift;
		};
		B30622E32BE80863009441CB /* SnapKit */ = {
			isa = XCSwiftPackageProductDependency;
			package = B30622E22BE80863009441CB /* XCRemoteSwiftPackageReference "SnapKit" */;
			productName = SnapKit;
		};
/* End XCSwiftPackageProductDependency section */
	};
	rootObject = B3A7E83C2BE74DF9009B6630 /* Project object */;
}
