// !$*UTF8*$!
{
	archiveVersion = 1;
	classes = {
	};
	objectVersion = 56;
	objects = {

/* Begin PBXBuildFile section */
		B30622CD2BE805C8009441CB /* GoogleService-Info.plist in Resources */ = {isa = PBXBuildFile; fileRef = B30622CC2BE805C8009441CB /* GoogleService-Info.plist */; };
		B30622D02BE80621009441CB /* FirebaseAnalytics in Frameworks */ = {isa = PBXBuildFile; productRef = B30622CF2BE80621009441CB /* FirebaseAnalytics */; };
		B30622D22BE80621009441CB /* FirebaseAnalyticsSwift in Frameworks */ = {isa = PBXBuildFile; productRef = B30622D12BE80621009441CB /* FirebaseAnalyticsSwift */; };
		B30622D42BE80621009441CB /* FirebaseAuth in Frameworks */ = {isa = PBXBuildFile; productRef = B30622D32BE80621009441CB /* FirebaseAuth */; };
		B30622D62BE80621009441CB /* FirebaseCrashlytics in Frameworks */ = {isa = PBXBuildFile; productRef = B30622D52BE80621009441CB /* FirebaseCrashlytics */; };
		B30622D82BE80621009441CB /* FirebaseFirestore in Frameworks */ = {isa = PBXBuildFile; productRef = B30622D72BE80621009441CB /* FirebaseFirestore */; };
		B30622DA2BE80621009441CB /* FirebaseFirestoreSwift in Frameworks */ = {isa = PBXBuildFile; productRef = B30622D92BE80621009441CB /* FirebaseFirestoreSwift */; };
		B30622DE2BE80705009441CB /* LoginView.swift in Sources */ = {isa = PBXBuildFile; fileRef = B30622DD2BE80705009441CB /* LoginView.swift */; };
		B30622E12BE8073D009441CB /* Localizable.xcstrings in Resources */ = {isa = PBXBuildFile; fileRef = B30622E02BE8073D009441CB /* Localizable.xcstrings */; };
		B30622E42BE80863009441CB /* SnapKit in Frameworks */ = {isa = PBXBuildFile; productRef = B30622E32BE80863009441CB /* SnapKit */; };
		B30622E62BE80863009441CB /* SnapKit-Dynamic in Frameworks */ = {isa = PBXBuildFile; productRef = B30622E52BE80863009441CB /* SnapKit-Dynamic */; };
		B30622E92BE80A71009441CB /* LocalizedString.swift in Sources */ = {isa = PBXBuildFile; fileRef = B30622E82BE80A71009441CB /* LocalizedString.swift */; };
		B30622EB2BE81100009441CB /* RegisterView.swift in Sources */ = {isa = PBXBuildFile; fileRef = B30622EA2BE81100009441CB /* RegisterView.swift */; };
		B30622ED2BE8141D009441CB /* AuthenticationViewModel.swift in Sources */ = {isa = PBXBuildFile; fileRef = B30622EC2BE8141D009441CB /* AuthenticationViewModel.swift */; };
		B30622F02BE81475009441CB /* AuthenticationType.swift in Sources */ = {isa = PBXBuildFile; fileRef = B30622EF2BE81475009441CB /* AuthenticationType.swift */; };
		B3A7E8482BE74DF9009B6630 /* AppDelegate.swift in Sources */ = {isa = PBXBuildFile; fileRef = B3A7E8472BE74DF9009B6630 /* AppDelegate.swift */; };
		B3A7E84A2BE74DF9009B6630 /* SceneDelegate.swift in Sources */ = {isa = PBXBuildFile; fileRef = B3A7E8492BE74DF9009B6630 /* SceneDelegate.swift */; };
		B3A7E84C2BE74DF9009B6630 /* AuthenticationViewController.swift in Sources */ = {isa = PBXBuildFile; fileRef = B3A7E84B2BE74DF9009B6630 /* AuthenticationViewController.swift */; };
		B3A7E8512BE74DFB009B6630 /* Assets.xcassets in Resources */ = {isa = PBXBuildFile; fileRef = B3A7E8502BE74DFB009B6630 /* Assets.xcassets */; };
		B3A7E8542BE74DFB009B6630 /* Base in Resources */ = {isa = PBXBuildFile; fileRef = B3A7E8532BE74DFB009B6630 /* Base */; };
/* End PBXBuildFile section */

/* Begin PBXFileReference section */
		B30622CC2BE805C8009441CB /* GoogleService-Info.plist */ = {isa = PBXFileReference; fileEncoding = 4; lastKnownFileType = text.plist.xml; path = "GoogleService-Info.plist"; sourceTree = "<group>"; };
		B30622DD2BE80705009441CB /* LoginView.swift */ = {isa = PBXFileReference; lastKnownFileType = sourcecode.swift; path = LoginView.swift; sourceTree = "<group>"; };
		B30622E02BE8073D009441CB /* Localizable.xcstrings */ = {isa = PBXFileReference; lastKnownFileType = text.json.xcstrings; path = Localizable.xcstrings; sourceTree = "<group>"; };
		B30622E82BE80A71009441CB /* LocalizedString.swift */ = {isa = PBXFileReference; lastKnownFileType = sourcecode.swift; path = LocalizedString.swift; sourceTree = "<group>"; };
		B30622EA2BE81100009441CB /* RegisterView.swift */ = {isa = PBXFileReference; lastKnownFileType = sourcecode.swift; path = RegisterView.swift; sourceTree = "<group>"; };
		B30622EC2BE8141D009441CB /* AuthenticationViewModel.swift */ = {isa = PBXFileReference; lastKnownFileType = sourcecode.swift; path = AuthenticationViewModel.swift; sourceTree = "<group>"; };
		B30622EF2BE81475009441CB /* AuthenticationType.swift */ = {isa = PBXFileReference; lastKnownFileType = sourcecode.swift; path = AuthenticationType.swift; sourceTree = "<group>"; };
		B3A7E8442BE74DF9009B6630 /* woofi.app */ = {isa = PBXFileReference; explicitFileType = wrapper.application; includeInIndex = 0; path = woofi.app; sourceTree = BUILT_PRODUCTS_DIR; };
		B3A7E8472BE74DF9009B6630 /* AppDelegate.swift */ = {isa = PBXFileReference; lastKnownFileType = sourcecode.swift; path = AppDelegate.swift; sourceTree = "<group>"; };
		B3A7E8492BE74DF9009B6630 /* SceneDelegate.swift */ = {isa = PBXFileReference; lastKnownFileType = sourcecode.swift; path = SceneDelegate.swift; sourceTree = "<group>"; };
		B3A7E84B2BE74DF9009B6630 /* AuthenticationViewController.swift */ = {isa = PBXFileReference; lastKnownFileType = sourcecode.swift; path = AuthenticationViewController.swift; sourceTree = "<group>"; };
		B3A7E8502BE74DFB009B6630 /* Assets.xcassets */ = {isa = PBXFileReference; lastKnownFileType = folder.assetcatalog; path = Assets.xcassets; sourceTree = "<group>"; };
		B3A7E8532BE74DFB009B6630 /* Base */ = {isa = PBXFileReference; lastKnownFileType = file.storyboard; name = Base; path = Base.lproj/LaunchScreen.storyboard; sourceTree = "<group>"; };
		B3A7E8552BE74DFB009B6630 /* Info.plist */ = {isa = PBXFileReference; lastKnownFileType = text.plist.xml; path = Info.plist; sourceTree = "<group>"; };
/* End PBXFileReference section */

/* Begin PBXFrameworksBuildPhase section */
		B3A7E8412BE74DF9009B6630 /* Frameworks */ = {
			isa = PBXFrameworksBuildPhase;
			buildActionMask = 2147483647;
			files = (
				B30622D22BE80621009441CB /* FirebaseAnalyticsSwift in Frameworks */,
				B30622D62BE80621009441CB /* FirebaseCrashlytics in Frameworks */,
				B30622D42BE80621009441CB /* FirebaseAuth in Frameworks */,
				B30622E62BE80863009441CB /* SnapKit-Dynamic in Frameworks */,
				B30622E42BE80863009441CB /* SnapKit in Frameworks */,
				B30622D82BE80621009441CB /* FirebaseFirestore in Frameworks */,
				B30622D02BE80621009441CB /* FirebaseAnalytics in Frameworks */,
				B30622DA2BE80621009441CB /* FirebaseFirestoreSwift in Frameworks */,
			);
			runOnlyForDeploymentPostprocessing = 0;
		};
/* End PBXFrameworksBuildPhase section */

/* Begin PBXGroup section */
		B30622DB2BE80629009441CB /* Common */ = {
			isa = PBXGroup;
			children = (
				B30622E72BE80A5A009441CB /* Localization */,
				B3A7E8472BE74DF9009B6630 /* AppDelegate.swift */,
				B3A7E8492BE74DF9009B6630 /* SceneDelegate.swift */,
			);
			path = Common;
			sourceTree = "<group>";
		};
		B30622DC2BE8063B009441CB /* LaunchScreen */ = {
			isa = PBXGroup;
			children = (
				B3A7E8522BE74DFB009B6630 /* LaunchScreen.storyboard */,
			);
			path = LaunchScreen;
			sourceTree = "<group>";
		};
		B30622DF2BE80706009441CB /* Authentication */ = {
			isa = PBXGroup;
			children = (
				B30622EA2BE81100009441CB /* RegisterView.swift */,
				B3A7E84B2BE74DF9009B6630 /* AuthenticationViewController.swift */,
				B30622DD2BE80705009441CB /* LoginView.swift */,
			);
			path = Authentication;
			sourceTree = "<group>";
		};
		B30622E72BE80A5A009441CB /* Localization */ = {
			isa = PBXGroup;
			children = (
				B30622E02BE8073D009441CB /* Localizable.xcstrings */,
				B30622E82BE80A71009441CB /* LocalizedString.swift */,
			);
			path = Localization;
			sourceTree = "<group>";
		};
		B30622EE2BE8144E009441CB /* Authentication */ = {
			isa = PBXGroup;
			children = (
				B30622EC2BE8141D009441CB /* AuthenticationViewModel.swift */,
				B30622EF2BE81475009441CB /* AuthenticationType.swift */,
			);
			path = Authentication;
			sourceTree = "<group>";
		};
		B3A7E83B2BE74DF9009B6630 = {
			isa = PBXGroup;
			children = (
				B3A7E8462BE74DF9009B6630 /* woofi */,
				B3A7E8452BE74DF9009B6630 /* Products */,
			);
			sourceTree = "<group>";
		};
		B3A7E8452BE74DF9009B6630 /* Products */ = {
			isa = PBXGroup;
			children = (
				B3A7E8442BE74DF9009B6630 /* woofi.app */,
			);
			name = Products;
			sourceTree = "<group>";
		};
		B3A7E8462BE74DF9009B6630 /* woofi */ = {
			isa = PBXGroup;
			children = (
				B30622DB2BE80629009441CB /* Common */,
				B30622CC2BE805C8009441CB /* GoogleService-Info.plist */,
				B3A7E8652BE7FB0D009B6630 /* Model */,
				B3A7E8672BE7FB16009B6630 /* View */,
				B3A7E8692BE7FB1B009B6630 /* ViewModel */,
				B3A7E8502BE74DFB009B6630 /* Assets.xcassets */,
				B3A7E8552BE74DFB009B6630 /* Info.plist */,
			);
			path = woofi;
			sourceTree = "<group>";
		};
		B3A7E8652BE7FB0D009B6630 /* Model */ = {
			isa = PBXGroup;
			children = (
			);
			path = Model;
			sourceTree = "<group>";
		};
		B3A7E8672BE7FB16009B6630 /* View */ = {
			isa = PBXGroup;
			children = (
				B30622DF2BE80706009441CB /* Authentication */,
				B30622DC2BE8063B009441CB /* LaunchScreen */,
			);
			path = View;
			sourceTree = "<group>";
		};
		B3A7E8692BE7FB1B009B6630 /* ViewModel */ = {
			isa = PBXGroup;
			children = (
				B30622EE2BE8144E009441CB /* Authentication */,
			);
			path = ViewModel;
			sourceTree = "<group>";
		};
/* End PBXGroup section */

/* Begin PBXNativeTarget section */
		B3A7E8432BE74DF9009B6630 /* woofi */ = {
			isa = PBXNativeTarget;
			buildConfigurationList = B3A7E8582BE74DFB009B6630 /* Build configuration list for PBXNativeTarget "woofi" */;
			buildPhases = (
				B3A7E8402BE74DF9009B6630 /* Sources */,
				B3A7E8412BE74DF9009B6630 /* Frameworks */,
				B3A7E8422BE74DF9009B6630 /* Resources */,
			);
			buildRules = (
			);
			dependencies = (
			);
			name = woofi;
			packageProductDependencies = (
				B30622CF2BE80621009441CB /* FirebaseAnalytics */,
				B30622D12BE80621009441CB /* FirebaseAnalyticsSwift */,
				B30622D32BE80621009441CB /* FirebaseAuth */,
				B30622D52BE80621009441CB /* FirebaseCrashlytics */,
				B30622D72BE80621009441CB /* FirebaseFirestore */,
				B30622D92BE80621009441CB /* FirebaseFirestoreSwift */,
				B30622E32BE80863009441CB /* SnapKit */,
				B30622E52BE80863009441CB /* SnapKit-Dynamic */,
			);
			productName = woofi;
			productReference = B3A7E8442BE74DF9009B6630 /* woofi.app */;
			productType = "com.apple.product-type.application";
		};
/* End PBXNativeTarget section */

/* Begin PBXProject section */
		B3A7E83C2BE74DF9009B6630 /* Project object */ = {
			isa = PBXProject;
			attributes = {
				BuildIndependentTargetsInParallel = 1;
				LastSwiftUpdateCheck = 1530;
				LastUpgradeCheck = 1530;
				TargetAttributes = {
					B3A7E8432BE74DF9009B6630 = {
						CreatedOnToolsVersion = 15.3;
					};
				};
			};
			buildConfigurationList = B3A7E83F2BE74DF9009B6630 /* Build configuration list for PBXProject "woofi" */;
			compatibilityVersion = "Xcode 14.0";
			developmentRegion = en;
			hasScannedForEncodings = 0;
			knownRegions = (
				en,
				Base,
			);
			mainGroup = B3A7E83B2BE74DF9009B6630;
			packageReferences = (
				B30622CE2BE80621009441CB /* XCRemoteSwiftPackageReference "firebase-ios-sdk" */,
				B30622E22BE80863009441CB /* XCRemoteSwiftPackageReference "SnapKit" */,
			);
			productRefGroup = B3A7E8452BE74DF9009B6630 /* Products */;
			projectDirPath = "";
			projectRoot = "";
			targets = (
				B3A7E8432BE74DF9009B6630 /* woofi */,
			);
		};
/* End PBXProject section */

/* Begin PBXResourcesBuildPhase section */
		B3A7E8422BE74DF9009B6630 /* Resources */ = {
			isa = PBXResourcesBuildPhase;
			buildActionMask = 2147483647;
			files = (
				B3A7E8512BE74DFB009B6630 /* Assets.xcassets in Resources */,
				B3A7E8542BE74DFB009B6630 /* Base in Resources */,
				B30622E12BE8073D009441CB /* Localizable.xcstrings in Resources */,
				B30622CD2BE805C8009441CB /* GoogleService-Info.plist in Resources */,
			);
			runOnlyForDeploymentPostprocessing = 0;
		};
/* End PBXResourcesBuildPhase section */

/* Begin PBXSourcesBuildPhase section */
		B3A7E8402BE74DF9009B6630 /* Sources */ = {
			isa = PBXSourcesBuildPhase;
			buildActionMask = 2147483647;
			files = (
				B30622E92BE80A71009441CB /* LocalizedString.swift in Sources */,
				B3A7E84C2BE74DF9009B6630 /* AuthenticationViewController.swift in Sources */,
				B30622ED2BE8141D009441CB /* AuthenticationViewModel.swift in Sources */,
				B3A7E8482BE74DF9009B6630 /* AppDelegate.swift in Sources */,
				B30622EB2BE81100009441CB /* RegisterView.swift in Sources */,
				B30622F02BE81475009441CB /* AuthenticationType.swift in Sources */,
				B30622DE2BE80705009441CB /* LoginView.swift in Sources */,
				B3A7E84A2BE74DF9009B6630 /* SceneDelegate.swift in Sources */,
			);
			runOnlyForDeploymentPostprocessing = 0;
		};
/* End PBXSourcesBuildPhase section */

/* Begin PBXVariantGroup section */
		B3A7E8522BE74DFB009B6630 /* LaunchScreen.storyboard */ = {
			isa = PBXVariantGroup;
			children = (
				B3A7E8532BE74DFB009B6630 /* Base */,
			);
			name = LaunchScreen.storyboard;
			sourceTree = "<group>";
		};
/* End PBXVariantGroup section */

/* Begin XCBuildConfiguration section */
		B3A7E8562BE74DFB009B6630 /* Debug */ = {
			isa = XCBuildConfiguration;
			buildSettings = {
				ALWAYS_SEARCH_USER_PATHS = NO;
				ASSETCATALOG_COMPILER_GENERATE_SWIFT_ASSET_SYMBOL_EXTENSIONS = YES;
				CLANG_ANALYZER_NONNULL = YES;
				CLANG_ANALYZER_NUMBER_OBJECT_CONVERSION = YES_AGGRESSIVE;
				CLANG_CXX_LANGUAGE_STANDARD = "gnu++20";
				CLANG_ENABLE_MODULES = YES;
				CLANG_ENABLE_OBJC_ARC = YES;
				CLANG_ENABLE_OBJC_WEAK = YES;
				CLANG_WARN_BLOCK_CAPTURE_AUTORELEASING = YES;
				CLANG_WARN_BOOL_CONVERSION = YES;
				CLANG_WARN_COMMA = YES;
				CLANG_WARN_CONSTANT_CONVERSION = YES;
				CLANG_WARN_DEPRECATED_OBJC_IMPLEMENTATIONS = YES;
				CLANG_WARN_DIRECT_OBJC_ISA_USAGE = YES_ERROR;
				CLANG_WARN_DOCUMENTATION_COMMENTS = YES;
				CLANG_WARN_EMPTY_BODY = YES;
				CLANG_WARN_ENUM_CONVERSION = YES;
				CLANG_WARN_INFINITE_RECURSION = YES;
				CLANG_WARN_INT_CONVERSION = YES;
				CLANG_WARN_NON_LITERAL_NULL_CONVERSION = YES;
				CLANG_WARN_OBJC_IMPLICIT_RETAIN_SELF = YES;
				CLANG_WARN_OBJC_LITERAL_CONVERSION = YES;
				CLANG_WARN_OBJC_ROOT_CLASS = YES_ERROR;
				CLANG_WARN_QUOTED_INCLUDE_IN_FRAMEWORK_HEADER = YES;
				CLANG_WARN_RANGE_LOOP_ANALYSIS = YES;
				CLANG_WARN_STRICT_PROTOTYPES = YES;
				CLANG_WARN_SUSPICIOUS_MOVE = YES;
				CLANG_WARN_UNGUARDED_AVAILABILITY = YES_AGGRESSIVE;
				CLANG_WARN_UNREACHABLE_CODE = YES;
				CLANG_WARN__DUPLICATE_METHOD_MATCH = YES;
				COPY_PHASE_STRIP = NO;
				DEBUG_INFORMATION_FORMAT = dwarf;
				ENABLE_STRICT_OBJC_MSGSEND = YES;
				ENABLE_TESTABILITY = YES;
				ENABLE_USER_SCRIPT_SANDBOXING = YES;
				GCC_C_LANGUAGE_STANDARD = gnu17;
				GCC_DYNAMIC_NO_PIC = NO;
				GCC_NO_COMMON_BLOCKS = YES;
				GCC_OPTIMIZATION_LEVEL = 0;
				GCC_PREPROCESSOR_DEFINITIONS = (
					"DEBUG=1",
					"$(inherited)",
				);
				GCC_WARN_64_TO_32_BIT_CONVERSION = YES;
				GCC_WARN_ABOUT_RETURN_TYPE = YES_ERROR;
				GCC_WARN_UNDECLARED_SELECTOR = YES;
				GCC_WARN_UNINITIALIZED_AUTOS = YES_AGGRESSIVE;
				GCC_WARN_UNUSED_FUNCTION = YES;
				GCC_WARN_UNUSED_VARIABLE = YES;
				IPHONEOS_DEPLOYMENT_TARGET = 17.4;
				LOCALIZATION_PREFERS_STRING_CATALOGS = YES;
				MTL_ENABLE_DEBUG_INFO = INCLUDE_SOURCE;
				MTL_FAST_MATH = YES;
				ONLY_ACTIVE_ARCH = YES;
				SDKROOT = iphoneos;
				SWIFT_ACTIVE_COMPILATION_CONDITIONS = "DEBUG $(inherited)";
				SWIFT_OPTIMIZATION_LEVEL = "-Onone";
			};
			name = Debug;
		};
		B3A7E8572BE74DFB009B6630 /* Release */ = {
			isa = XCBuildConfiguration;
			buildSettings = {
				ALWAYS_SEARCH_USER_PATHS = NO;
				ASSETCATALOG_COMPILER_GENERATE_SWIFT_ASSET_SYMBOL_EXTENSIONS = YES;
				CLANG_ANALYZER_NONNULL = YES;
				CLANG_ANALYZER_NUMBER_OBJECT_CONVERSION = YES_AGGRESSIVE;
				CLANG_CXX_LANGUAGE_STANDARD = "gnu++20";
				CLANG_ENABLE_MODULES = YES;
				CLANG_ENABLE_OBJC_ARC = YES;
				CLANG_ENABLE_OBJC_WEAK = YES;
				CLANG_WARN_BLOCK_CAPTURE_AUTORELEASING = YES;
				CLANG_WARN_BOOL_CONVERSION = YES;
				CLANG_WARN_COMMA = YES;
				CLANG_WARN_CONSTANT_CONVERSION = YES;
				CLANG_WARN_DEPRECATED_OBJC_IMPLEMENTATIONS = YES;
				CLANG_WARN_DIRECT_OBJC_ISA_USAGE = YES_ERROR;
				CLANG_WARN_DOCUMENTATION_COMMENTS = YES;
				CLANG_WARN_EMPTY_BODY = YES;
				CLANG_WARN_ENUM_CONVERSION = YES;
				CLANG_WARN_INFINITE_RECURSION = YES;
				CLANG_WARN_INT_CONVERSION = YES;
				CLANG_WARN_NON_LITERAL_NULL_CONVERSION = YES;
				CLANG_WARN_OBJC_IMPLICIT_RETAIN_SELF = YES;
				CLANG_WARN_OBJC_LITERAL_CONVERSION = YES;
				CLANG_WARN_OBJC_ROOT_CLASS = YES_ERROR;
				CLANG_WARN_QUOTED_INCLUDE_IN_FRAMEWORK_HEADER = YES;
				CLANG_WARN_RANGE_LOOP_ANALYSIS = YES;
				CLANG_WARN_STRICT_PROTOTYPES = YES;
				CLANG_WARN_SUSPICIOUS_MOVE = YES;
				CLANG_WARN_UNGUARDED_AVAILABILITY = YES_AGGRESSIVE;
				CLANG_WARN_UNREACHABLE_CODE = YES;
				CLANG_WARN__DUPLICATE_METHOD_MATCH = YES;
				COPY_PHASE_STRIP = NO;
				DEBUG_INFORMATION_FORMAT = "dwarf-with-dsym";
				ENABLE_NS_ASSERTIONS = NO;
				ENABLE_STRICT_OBJC_MSGSEND = YES;
				ENABLE_USER_SCRIPT_SANDBOXING = YES;
				GCC_C_LANGUAGE_STANDARD = gnu17;
				GCC_NO_COMMON_BLOCKS = YES;
				GCC_WARN_64_TO_32_BIT_CONVERSION = YES;
				GCC_WARN_ABOUT_RETURN_TYPE = YES_ERROR;
				GCC_WARN_UNDECLARED_SELECTOR = YES;
				GCC_WARN_UNINITIALIZED_AUTOS = YES_AGGRESSIVE;
				GCC_WARN_UNUSED_FUNCTION = YES;
				GCC_WARN_UNUSED_VARIABLE = YES;
				IPHONEOS_DEPLOYMENT_TARGET = 17.4;
				LOCALIZATION_PREFERS_STRING_CATALOGS = YES;
				MTL_ENABLE_DEBUG_INFO = NO;
				MTL_FAST_MATH = YES;
				SDKROOT = iphoneos;
				SWIFT_COMPILATION_MODE = wholemodule;
				VALIDATE_PRODUCT = YES;
			};
			name = Release;
		};
		B3A7E8592BE74DFB009B6630 /* Debug */ = {
			isa = XCBuildConfiguration;
			buildSettings = {
				ASSETCATALOG_COMPILER_APPICON_NAME = AppIcon;
				ASSETCATALOG_COMPILER_GLOBAL_ACCENT_COLOR_NAME = AccentColor;
				CODE_SIGN_STYLE = Automatic;
				CURRENT_PROJECT_VERSION = 1;
				DEVELOPMENT_TEAM = 7U55BCTM6U;
				GENERATE_INFOPLIST_FILE = YES;
				INFOPLIST_FILE = woofi/Info.plist;
				INFOPLIST_KEY_UIApplicationSupportsIndirectInputEvents = YES;
				INFOPLIST_KEY_UILaunchStoryboardName = LaunchScreen;
				INFOPLIST_KEY_UISupportedInterfaceOrientations_iPad = "UIInterfaceOrientationPortrait UIInterfaceOrientationPortraitUpsideDown UIInterfaceOrientationLandscapeLeft UIInterfaceOrientationLandscapeRight";
				INFOPLIST_KEY_UISupportedInterfaceOrientations_iPhone = "UIInterfaceOrientationPortrait UIInterfaceOrientationLandscapeLeft UIInterfaceOrientationLandscapeRight";
				LD_RUNPATH_SEARCH_PATHS = (
					"$(inherited)",
					"@executable_path/Frameworks",
				);
				MARKETING_VERSION = 1.0;
				PRODUCT_BUNDLE_IDENTIFIER = dev.mnhz.woofi;
				PRODUCT_NAME = "$(TARGET_NAME)";
				SWIFT_EMIT_LOC_STRINGS = YES;
				SWIFT_VERSION = 5.0;
				TARGETED_DEVICE_FAMILY = "1,2";
			};
			name = Debug;
		};
		B3A7E85A2BE74DFB009B6630 /* Release */ = {
			isa = XCBuildConfiguration;
			buildSettings = {
				ASSETCATALOG_COMPILER_APPICON_NAME = AppIcon;
				ASSETCATALOG_COMPILER_GLOBAL_ACCENT_COLOR_NAME = AccentColor;
				CODE_SIGN_STYLE = Automatic;
				CURRENT_PROJECT_VERSION = 1;
				DEVELOPMENT_TEAM = 7U55BCTM6U;
				GENERATE_INFOPLIST_FILE = YES;
				INFOPLIST_FILE = woofi/Info.plist;
				INFOPLIST_KEY_UIApplicationSupportsIndirectInputEvents = YES;
				INFOPLIST_KEY_UILaunchStoryboardName = LaunchScreen;
				INFOPLIST_KEY_UISupportedInterfaceOrientations_iPad = "UIInterfaceOrientationPortrait UIInterfaceOrientationPortraitUpsideDown UIInterfaceOrientationLandscapeLeft UIInterfaceOrientationLandscapeRight";
				INFOPLIST_KEY_UISupportedInterfaceOrientations_iPhone = "UIInterfaceOrientationPortrait UIInterfaceOrientationLandscapeLeft UIInterfaceOrientationLandscapeRight";
				LD_RUNPATH_SEARCH_PATHS = (
					"$(inherited)",
					"@executable_path/Frameworks",
				);
				MARKETING_VERSION = 1.0;
				PRODUCT_BUNDLE_IDENTIFIER = dev.mnhz.woofi;
				PRODUCT_NAME = "$(TARGET_NAME)";
				SWIFT_EMIT_LOC_STRINGS = YES;
				SWIFT_VERSION = 5.0;
				TARGETED_DEVICE_FAMILY = "1,2";
			};
			name = Release;
		};
/* End XCBuildConfiguration section */

/* Begin XCConfigurationList section */
		B3A7E83F2BE74DF9009B6630 /* Build configuration list for PBXProject "woofi" */ = {
			isa = XCConfigurationList;
			buildConfigurations = (
				B3A7E8562BE74DFB009B6630 /* Debug */,
				B3A7E8572BE74DFB009B6630 /* Release */,
			);
			defaultConfigurationIsVisible = 0;
			defaultConfigurationName = Release;
		};
		B3A7E8582BE74DFB009B6630 /* Build configuration list for PBXNativeTarget "woofi" */ = {
			isa = XCConfigurationList;
			buildConfigurations = (
				B3A7E8592BE74DFB009B6630 /* Debug */,
				B3A7E85A2BE74DFB009B6630 /* Release */,
			);
			defaultConfigurationIsVisible = 0;
			defaultConfigurationName = Release;
		};
/* End XCConfigurationList section */

/* Begin XCRemoteSwiftPackageReference section */
		B30622CE2BE80621009441CB /* XCRemoteSwiftPackageReference "firebase-ios-sdk" */ = {
			isa = XCRemoteSwiftPackageReference;
			repositoryURL = "https://github.com/firebase/firebase-ios-sdk";
			requirement = {
				kind = upToNextMajorVersion;
				minimumVersion = 10.25.0;
			};
		};
		B30622E22BE80863009441CB /* XCRemoteSwiftPackageReference "SnapKit" */ = {
			isa = XCRemoteSwiftPackageReference;
			repositoryURL = "https://github.com/SnapKit/SnapKit";
			requirement = {
				kind = upToNextMajorVersion;
				minimumVersion = 5.7.1;
			};
		};
/* End XCRemoteSwiftPackageReference section */

/* Begin XCSwiftPackageProductDependency section */
		B30622CF2BE80621009441CB /* FirebaseAnalytics */ = {
			isa = XCSwiftPackageProductDependency;
			package = B30622CE2BE80621009441CB /* XCRemoteSwiftPackageReference "firebase-ios-sdk" */;
			productName = FirebaseAnalytics;
		};
		B30622D12BE80621009441CB /* FirebaseAnalyticsSwift */ = {
			isa = XCSwiftPackageProductDependency;
			package = B30622CE2BE80621009441CB /* XCRemoteSwiftPackageReference "firebase-ios-sdk" */;
			productName = FirebaseAnalyticsSwift;
		};
		B30622D32BE80621009441CB /* FirebaseAuth */ = {
			isa = XCSwiftPackageProductDependency;
			package = B30622CE2BE80621009441CB /* XCRemoteSwiftPackageReference "firebase-ios-sdk" */;
			productName = FirebaseAuth;
		};
		B30622D52BE80621009441CB /* FirebaseCrashlytics */ = {
			isa = XCSwiftPackageProductDependency;
			package = B30622CE2BE80621009441CB /* XCRemoteSwiftPackageReference "firebase-ios-sdk" */;
			productName = FirebaseCrashlytics;
		};
		B30622D72BE80621009441CB /* FirebaseFirestore */ = {
			isa = XCSwiftPackageProductDependency;
			package = B30622CE2BE80621009441CB /* XCRemoteSwiftPackageReference "firebase-ios-sdk" */;
			productName = FirebaseFirestore;
		};
		B30622D92BE80621009441CB /* FirebaseFirestoreSwift */ = {
			isa = XCSwiftPackageProductDependency;
			package = B30622CE2BE80621009441CB /* XCRemoteSwiftPackageReference "firebase-ios-sdk" */;
			productName = FirebaseFirestoreSwift;
		};
		B30622E32BE80863009441CB /* SnapKit */ = {
			isa = XCSwiftPackageProductDependency;
			package = B30622E22BE80863009441CB /* XCRemoteSwiftPackageReference "SnapKit" */;
			productName = SnapKit;
		};
		B30622E52BE80863009441CB /* SnapKit-Dynamic */ = {
			isa = XCSwiftPackageProductDependency;
			package = B30622E22BE80863009441CB /* XCRemoteSwiftPackageReference "SnapKit" */;
			productName = "SnapKit-Dynamic";
		};
/* End XCSwiftPackageProductDependency section */
	};
	rootObject = B3A7E83C2BE74DF9009B6630 /* Project object */;
}
